
Microsoft Visual Studio Solution File, Format Version 12.00
# Visual Studio Version 17
VisualStudioVersion = 17.5.002.0
MinimumVisualStudioVersion = 10.0.40219.1
Project("{2150E333-8FDC-42A3-9474-1A3956D46DE8}") = "C#", "C#", "{8CAB46E5-0945-4655-A848-09326838E28C}"
EndProject
Project("{2150E333-8FDC-42A3-9474-1A3956D46DE8}") = "Week1", "Week1", "{677473A2-EEDC-4F67-B64B-FAC3D1B24110}"
EndProject
Project("{2150E333-8FDC-42A3-9474-1A3956D46DE8}") = "Day3", "Day3", "{DCA90051-19E6-44DA-9F11-5309C98C1984}"
EndProject
Project("{9A19103F-16F7-4668-BE54-9A1E7A4F7556}") = "FirstWeb", "C#\Week1\Day3\FirstWeb\FirstWeb.csproj", "{A429F6C6-84F4-440E-811C-48F9BD830817}"
EndProject
Project("{2150E333-8FDC-42A3-9474-1A3956D46DE8}") = "Day2", "Day2", "{C4588CB5-2019-4741-9525-4F76E4E5BA94}"
EndProject
Project("{9A19103F-16F7-4668-BE54-9A1E7A4F7556}") = "GameDeveloper1", "C#\Week1\Day2\GameDeveloper2\GameDeveloper1.csproj", "{649319C6-74EF-428A-9BE2-6B3B1D7D542B}"
EndProject
Project("{9A19103F-16F7-4668-BE54-9A1E7A4F7556}") = "GameDeveloper1 (1)", "C#\Week1\Day2\GameDeveloper3\GameDeveloper1.csproj", "{6F42A2AA-58F3-4526-A18A-C34092011178}"
EndProject
Project("{9A19103F-16F7-4668-BE54-9A1E7A4F7556}") = "FuelUp", "C#\Week1\Day2\FuelUp\FuelUp.csproj", "{5A5DB0B7-1C3A-4B08-B753-027A52F92B15}"
EndProject
Project("{9A19103F-16F7-4668-BE54-9A1E7A4F7556}") = "GameDeveloper1 (2)", "C#\Week1\Day2\GameDeveloper1\GameDeveloper1.csproj", "{B7965D10-4266-48A0-B414-E6427595F190}"
EndProject
Project("{2150E333-8FDC-42A3-9474-1A3956D46DE8}") = "Day1", "Day1", "{77919A37-633B-4EA5-9695-48B526B6116F}"
EndProject
Project("{9A19103F-16F7-4668-BE54-9A1E7A4F7556}") = "Fundamentals2", "C#\Week1\Day1\Fundamentals2\Fundamentals2.csproj", "{393A7E3F-69FD-44D7-89D3-3FD30A915476}"
EndProject
Project("{9A19103F-16F7-4668-BE54-9A1E7A4F7556}") = "FirstCSharp", "C#\Week1\Day1\FirstCSharp\FirstCSharp.csproj", "{5552A606-0EE3-4223-B10B-A45E2D287A79}"
EndProject
Project("{9A19103F-16F7-4668-BE54-9A1E7A4F7556}") = "Fundamentals3", "C#\Week1\Day1\Fundamentals3\Fundamentals3.csproj", "{4D9001C6-9920-4E17-8425-6803D21D150A}"
EndProject
Global
	GlobalSection(SolutionConfigurationPlatforms) = preSolution
		Debug|Any CPU = Debug|Any CPU
		Release|Any CPU = Release|Any CPU
	EndGlobalSection
	GlobalSection(ProjectConfigurationPlatforms) = postSolution
		{A429F6C6-84F4-440E-811C-48F9BD830817}.Debug|Any CPU.ActiveCfg = Debug|Any CPU
		{A429F6C6-84F4-440E-811C-48F9BD830817}.Debug|Any CPU.Build.0 = Debug|Any CPU
		{A429F6C6-84F4-440E-811C-48F9BD830817}.Release|Any CPU.ActiveCfg = Release|Any CPU
		{A429F6C6-84F4-440E-811C-48F9BD830817}.Release|Any CPU.Build.0 = Release|Any CPU
		{649319C6-74EF-428A-9BE2-6B3B1D7D542B}.Debug|Any CPU.ActiveCfg = Debug|Any CPU
		{649319C6-74EF-428A-9BE2-6B3B1D7D542B}.Debug|Any CPU.Build.0 = Debug|Any CPU
		{649319C6-74EF-428A-9BE2-6B3B1D7D542B}.Release|Any CPU.ActiveCfg = Release|Any CPU
		{649319C6-74EF-428A-9BE2-6B3B1D7D542B}.Release|Any CPU.Build.0 = Release|Any CPU
		{6F42A2AA-58F3-4526-A18A-C34092011178}.Debug|Any CPU.ActiveCfg = Debug|Any CPU
		{6F42A2AA-58F3-4526-A18A-C34092011178}.Debug|Any CPU.Build.0 = Debug|Any CPU
		{6F42A2AA-58F3-4526-A18A-C34092011178}.Release|Any CPU.ActiveCfg = Release|Any CPU
		{6F42A2AA-58F3-4526-A18A-C34092011178}.Release|Any CPU.Build.0 = Release|Any CPU
		{5A5DB0B7-1C3A-4B08-B753-027A52F92B15}.Debug|Any CPU.ActiveCfg = Debug|Any CPU
		{5A5DB0B7-1C3A-4B08-B753-027A52F92B15}.Debug|Any CPU.Build.0 = Debug|Any CPU
		{5A5DB0B7-1C3A-4B08-B753-027A52F92B15}.Release|Any CPU.ActiveCfg = Release|Any CPU
		{5A5DB0B7-1C3A-4B08-B753-027A52F92B15}.Release|Any CPU.Build.0 = Release|Any CPU
		{B7965D10-4266-48A0-B414-E6427595F190}.Debug|Any CPU.ActiveCfg = Debug|Any CPU
		{B7965D10-4266-48A0-B414-E6427595F190}.Debug|Any CPU.Build.0 = Debug|Any CPU
		{B7965D10-4266-48A0-B414-E6427595F190}.Release|Any CPU.ActiveCfg = Release|Any CPU
		{B7965D10-4266-48A0-B414-E6427595F190}.Release|Any CPU.Build.0 = Release|Any CPU
		{393A7E3F-69FD-44D7-89D3-3FD30A915476}.Debug|Any CPU.ActiveCfg = Debug|Any CPU
		{393A7E3F-69FD-44D7-89D3-3FD30A915476}.Debug|Any CPU.Build.0 = Debug|Any CPU
		{393A7E3F-69FD-44D7-89D3-3FD30A915476}.Release|Any CPU.ActiveCfg = Release|Any CPU
		{393A7E3F-69FD-44D7-89D3-3FD30A915476}.Release|Any CPU.Build.0 = Release|Any CPU
		{5552A606-0EE3-4223-B10B-A45E2D287A79}.Debug|Any CPU.ActiveCfg = Debug|Any CPU
		{5552A606-0EE3-4223-B10B-A45E2D287A79}.Debug|Any CPU.Build.0 = Debug|Any CPU
		{5552A606-0EE3-4223-B10B-A45E2D287A79}.Release|Any CPU.ActiveCfg = Release|Any CPU
		{5552A606-0EE3-4223-B10B-A45E2D287A79}.Release|Any CPU.Build.0 = Release|Any CPU
		{4D9001C6-9920-4E17-8425-6803D21D150A}.Debug|Any CPU.ActiveCfg = Debug|Any CPU
		{4D9001C6-9920-4E17-8425-6803D21D150A}.Debug|Any CPU.Build.0 = Debug|Any CPU
		{4D9001C6-9920-4E17-8425-6803D21D150A}.Release|Any CPU.ActiveCfg = Release|Any CPU
		{4D9001C6-9920-4E17-8425-6803D21D150A}.Release|Any CPU.Build.0 = Release|Any CPU
	EndGlobalSection
	GlobalSection(SolutionProperties) = preSolution
		HideSolutionNode = FALSE
	EndGlobalSection
	GlobalSection(NestedProjects) = preSolution
		{677473A2-EEDC-4F67-B64B-FAC3D1B24110} = {8CAB46E5-0945-4655-A848-09326838E28C}
		{DCA90051-19E6-44DA-9F11-5309C98C1984} = {677473A2-EEDC-4F67-B64B-FAC3D1B24110}
		{A429F6C6-84F4-440E-811C-48F9BD830817} = {DCA90051-19E6-44DA-9F11-5309C98C1984}
		{C4588CB5-2019-4741-9525-4F76E4E5BA94} = {677473A2-EEDC-4F67-B64B-FAC3D1B24110}
		{649319C6-74EF-428A-9BE2-6B3B1D7D542B} = {C4588CB5-2019-4741-9525-4F76E4E5BA94}
		{6F42A2AA-58F3-4526-A18A-C34092011178} = {C4588CB5-2019-4741-9525-4F76E4E5BA94}
		{5A5DB0B7-1C3A-4B08-B753-027A52F92B15} = {C4588CB5-2019-4741-9525-4F76E4E5BA94}
		{B7965D10-4266-48A0-B414-E6427595F190} = {C4588CB5-2019-4741-9525-4F76E4E5BA94}
		{77919A37-633B-4EA5-9695-48B526B6116F} = {677473A2-EEDC-4F67-B64B-FAC3D1B24110}
		{393A7E3F-69FD-44D7-89D3-3FD30A915476} = {77919A37-633B-4EA5-9695-48B526B6116F}
		{5552A606-0EE3-4223-B10B-A45E2D287A79} = {77919A37-633B-4EA5-9695-48B526B6116F}
		{4D9001C6-9920-4E17-8425-6803D21D150A} = {77919A37-633B-4EA5-9695-48B526B6116F}
	EndGlobalSection
	GlobalSection(ExtensibilityGlobals) = postSolution
		SolutionGuid = {27997F7A-2DBB-4A62-8A55-F40634C83F38}
	EndGlobalSection
EndGlobal
